Microsoft Visual Studio Solution File, Format Version 11.00
# Visual Studio 2010
Project("{FAE04EC0-301F-11D3-BF4B-00C04F79EFBC}") = "Assembly-CSharp", "Assembly-CSharp.csproj", "{AB399FF0-9A0C-C8E0-5601-B6A4F831B4F1}"
EndProject
Global
	GlobalSection(SolutionConfigurationPlatforms) = preSolution
		Debug|Any CPU = Debug|Any CPU
		Release|Any CPU = Release|Any CPU
	EndGlobalSection
	GlobalSection(ProjectConfigurationPlatforms) = postSolution
		{AB399FF0-9A0C-C8E0-5601-B6A4F831B4F1}.Debug|Any CPU.ActiveCfg = Debug|Any CPU
		{AB399FF0-9A0C-C8E0-5601-B6A4F831B4F1}.Debug|Any CPU.Build.0 = Debug|Any CPU
		{AB399FF0-9A0C-C8E0-5601-B6A4F831B4F1}.Release|Any CPU.ActiveCfg = Release|Any CPU
		{AB399FF0-9A0C-C8E0-5601-B6A4F831B4F1}.Release|Any CPU.Build.0 = Release|Any CPU
	EndGlobalSection
	GlobalSection(SolutionProperties) = preSolution
		HideSolutionNode = FALSE
	EndGlobalSection
EndGlobal
