
Microsoft Visual Studio Solution File, Format Version 12.00
# Visual Studio 15
Project("{FAE04EC0-301F-11D3-BF4B-00C04F79EFBC}") = "Assembly-CSharp", "Assembly-CSharp.csproj", "{4E262D2F-EE93-A1D1-9476-FAD05623F09C}"
EndProject
Project("{FAE04EC0-301F-11D3-BF4B-00C04F79EFBC}") = "Assembly-CSharp-Editor", "Assembly-CSharp-Editor.csproj", "{081724D4-2FE1-FD23-8FEF-49313A9AB254}"
EndProject
Global
	GlobalSection(SolutionConfigurationPlatforms) = preSolution
		Debug|Any CPU = Debug|Any CPU
		Release|Any CPU = Release|Any CPU
	EndGlobalSection
	GlobalSection(ProjectConfigurationPlatforms) = postSolution
		{4E262D2F-EE93-A1D1-9476-FAD05623F09C}.Debug|Any CPU.ActiveCfg = Debug|Any CPU
		{4E262D2F-EE93-A1D1-9476-FAD05623F09C}.Debug|Any CPU.Build.0 = Debug|Any CPU
		{4E262D2F-EE93-A1D1-9476-FAD05623F09C}.Release|Any CPU.ActiveCfg = Release|Any CPU
		{4E262D2F-EE93-A1D1-9476-FAD05623F09C}.Release|Any CPU.Build.0 = Release|Any CPU
		{081724D4-2FE1-FD23-8FEF-49313A9AB254}.Debug|Any CPU.ActiveCfg = Debug|Any CPU
		{081724D4-2FE1-FD23-8FEF-49313A9AB254}.Debug|Any CPU.Build.0 = Debug|Any CPU
		{081724D4-2FE1-FD23-8FEF-49313A9AB254}.Release|Any CPU.ActiveCfg = Release|Any CPU
		{081724D4-2FE1-FD23-8FEF-49313A9AB254}.Release|Any CPU.Build.0 = Release|Any CPU
	EndGlobalSection
	GlobalSection(SolutionProperties) = preSolution
		HideSolutionNode = FALSE
	EndGlobalSection
EndGlobal
